// !$*UTF8*$!
{
	archiveVersion = 1;
	classes = {
	};
	objectVersion = 46;
	objects = {

/* Begin PBXBuildFile section */
		D8FDA43F1DC6A57B00820C80 /* AppDelegate.swift in Sources */ = {isa = PBXBuildFile; fileRef = D8FDA43E1DC6A57B00820C80 /* AppDelegate.swift */; };
		D8FDA4411DC6A57B00820C80 /* ViewController.swift in Sources */ = {isa = PBXBuildFile; fileRef = D8FDA4401DC6A57B00820C80 /* ViewController.swift */; };
		D8FDA4441DC6A57B00820C80 /* Main.storyboard in Resources */ = {isa = PBXBuildFile; fileRef = D8FDA4421DC6A57B00820C80 /* Main.storyboard */; };
		D8FDA4461DC6A57B00820C80 /* Assets.xcassets in Resources */ = {isa = PBXBuildFile; fileRef = D8FDA4451DC6A57B00820C80 /* Assets.xcassets */; };
		D8FDA4491DC6A57B00820C80 /* LaunchScreen.storyboard in Resources */ = {isa = PBXBuildFile; fileRef = D8FDA4471DC6A57B00820C80 /* LaunchScreen.storyboard */; };
		D8FDA4541DC6A57B00820C80 /* testsqlTests.swift in Sources */ = {isa = PBXBuildFile; fileRef = D8FDA4531DC6A57B00820C80 /* testsqlTests.swift */; };
/* End PBXBuildFile section */

/* Begin PBXContainerItemProxy section */
		D8FDA4501DC6A57B00820C80 /* PBXContainerItemProxy */ = {
			isa = PBXContainerItemProxy;
			containerPortal = D8FDA4331DC6A57B00820C80 /* Project object */;
			proxyType = 1;
			remoteGlobalIDString = D8FDA43A1DC6A57B00820C80;
			remoteInfo = testsql;
		};
/* End PBXContainerItemProxy section */

/* Begin PBXFileReference section */
		D8FDA43B1DC6A57B00820C80 /* testsql.app */ = {isa = PBXFileReference; explicitFileType = wrapper.application; includeInIndex = 0; path = testsql.app; sourceTree = BUILT_PRODUCTS_DIR; };
		D8FDA43E1DC6A57B00820C80 /* AppDelegate.swift */ = {isa = PBXFileReference; lastKnownFileType = sourcecode.swift; path = AppDelegate.swift; sourceTree = "<group>"; };
		D8FDA4401DC6A57B00820C80 /* ViewController.swift */ = {isa = PBXFileReference; lastKnownFileType = sourcecode.swift; path = ViewController.swift; sourceTree = "<group>"; };
		D8FDA4431DC6A57B00820C80 /* Base */ = {isa = PBXFileReference; lastKnownFileType = file.storyboard; name = Base; path = Base.lproj/Main.storyboard; sourceTree = "<group>"; };
		D8FDA4451DC6A57B00820C80 /* Assets.xcassets */ = {isa = PBXFileReference; lastKnownFileType = folder.assetcatalog; path = Assets.xcassets; sourceTree = "<group>"; };
		D8FDA4481DC6A57B00820C80 /* Base */ = {isa = PBXFileReference; lastKnownFileType = file.storyboard; name = Base; path = Base.lproj/LaunchScreen.storyboard; sourceTree = "<group>"; };
		D8FDA44A1DC6A57B00820C80 /* Info.plist */ = {isa = PBXFileReference; lastKnownFileType = text.plist.xml; path = Info.plist; sourceTree = "<group>"; };
		D8FDA44F1DC6A57B00820C80 /* testsqlTests.xctest */ = {isa = PBXFileReference; explicitFileType = wrapper.cfbundle; includeInIndex = 0; path = testsqlTests.xctest; sourceTree = BUILT_PRODUCTS_DIR; };
		D8FDA4531DC6A57B00820C80 /* testsqlTests.swift */ = {isa = PBXFileReference; lastKnownFileType = sourcecode.swift; path = testsqlTests.swift; sourceTree = "<group>"; };
		D8FDA4551DC6A57B00820C80 /* Info.plist */ = {isa = PBXFileReference; lastKnownFileType = text.plist.xml; path = Info.plist; sourceTree = "<group>"; };
/* End PBXFileReference section */

/* Begin PBXFrameworksBuildPhase section */
		D8FDA4381DC6A57B00820C80 /* Frameworks */ = {
			isa = PBXFrameworksBuildPhase;
			buildActionMask = 2147483647;
			files = (
			);
			runOnlyForDeploymentPostprocessing = 0;
		};
		D8FDA44C1DC6A57B00820C80 /* Frameworks */ = {
			isa = PBXFrameworksBuildPhase;
			buildActionMask = 2147483647;
			files = (
			);
			runOnlyForDeploymentPostprocessing = 0;
		};
/* End PBXFrameworksBuildPhase section */

/* Begin PBXGroup section */
		D8FDA4321DC6A57B00820C80 = {
			isa = PBXGroup;
			children = (
				D8FDA43D1DC6A57B00820C80 /* testsql */,
				D8FDA4521DC6A57B00820C80 /* testsqlTests */,
				D8FDA43C1DC6A57B00820C80 /* Products */,
			);
			sourceTree = "<group>";
		};
		D8FDA43C1DC6A57B00820C80 /* Products */ = {
			isa = PBXGroup;
			children = (
				D8FDA43B1DC6A57B00820C80 /* testsql.app */,
				D8FDA44F1DC6A57B00820C80 /* testsqlTests.xctest */,
			);
			name = Products;
			sourceTree = "<group>";
		};
		D8FDA43D1DC6A57B00820C80 /* testsql */ = {
			isa = PBXGroup;
			children = (
				D8FDA43E1DC6A57B00820C80 /* AppDelegate.swift */,
				D8FDA4401DC6A57B00820C80 /* ViewController.swift */,
				D8FDA4421DC6A57B00820C80 /* Main.storyboard */,
				D8FDA4451DC6A57B00820C80 /* Assets.xcassets */,
				D8FDA4471DC6A57B00820C80 /* LaunchScreen.storyboard */,
				D8FDA44A1DC6A57B00820C80 /* Info.plist */,
			);
			path = testsql;
			sourceTree = "<group>";
		};
		D8FDA4521DC6A57B00820C80 /* testsqlTests */ = {
			isa = PBXGroup;
			children = (
				D8FDA4531DC6A57B00820C80 /* testsqlTests.swift */,
				D8FDA4551DC6A57B00820C80 /* Info.plist */,
			);
			path = testsqlTests;
			sourceTree = "<group>";
		};
/* End PBXGroup section */

/* Begin PBXNativeTarget section */
		D8FDA43A1DC6A57B00820C80 /* testsql */ = {
			isa = PBXNativeTarget;
			buildConfigurationList = D8FDA4581DC6A57B00820C80 /* Build configuration list for PBXNativeTarget "testsql" */;
			buildPhases = (
				D8FDA4371DC6A57B00820C80 /* Sources */,
				D8FDA4381DC6A57B00820C80 /* Frameworks */,
				D8FDA4391DC6A57B00820C80 /* Resources */,
			);
			buildRules = (
			);
			dependencies = (
			);
			name = testsql;
			productName = testsql;
			productReference = D8FDA43B1DC6A57B00820C80 /* testsql.app */;
			productType = "com.apple.product-type.application";
		};
		D8FDA44E1DC6A57B00820C80 /* testsqlTests */ = {
			isa = PBXNativeTarget;
			buildConfigurationList = D8FDA45B1DC6A57B00820C80 /* Build configuration list for PBXNativeTarget "testsqlTests" */;
			buildPhases = (
				D8FDA44B1DC6A57B00820C80 /* Sources */,
				D8FDA44C1DC6A57B00820C80 /* Frameworks */,
				D8FDA44D1DC6A57B00820C80 /* Resources */,
			);
			buildRules = (
			);
			dependencies = (
				D8FDA4511DC6A57B00820C80 /* PBXTargetDependency */,
			);
			name = testsqlTests;
			productName = testsqlTests;
			productReference = D8FDA44F1DC6A57B00820C80 /* testsqlTests.xctest */;
			productType = "com.apple.product-type.bundle.unit-test";
		};
/* End PBXNativeTarget section */

/* Begin PBXProject section */
		D8FDA4331DC6A57B00820C80 /* Project object */ = {
			isa = PBXProject;
			attributes = {
				LastSwiftUpdateCheck = 0810;
				LastUpgradeCheck = 0810;
				ORGANIZATIONNAME = "Pete Bennett";
				TargetAttributes = {
					D8FDA43A1DC6A57B00820C80 = {
						CreatedOnToolsVersion = 8.1;
						ProvisioningStyle = Automatic;
					};
					D8FDA44E1DC6A57B00820C80 = {
						CreatedOnToolsVersion = 8.1;
						ProvisioningStyle = Automatic;
						TestTargetID = D8FDA43A1DC6A57B00820C80;
					};
				};
			};
			buildConfigurationList = D8FDA4361DC6A57B00820C80 /* Build configuration list for PBXProject "testsql" */;
			compatibilityVersion = "Xcode 3.2";
			developmentRegion = English;
			hasScannedForEncodings = 0;
			knownRegions = (
				en,
				Base,
			);
			mainGroup = D8FDA4321DC6A57B00820C80;
			productRefGroup = D8FDA43C1DC6A57B00820C80 /* Products */;
			projectDirPath = "";
			projectRoot = "";
			targets = (
				D8FDA43A1DC6A57B00820C80 /* testsql */,
				D8FDA44E1DC6A57B00820C80 /* testsqlTests */,
			);
		};
/* End PBXProject section */

/* Begin PBXResourcesBuildPhase section */
		D8FDA4391DC6A57B00820C80 /* Resources */ = {
			isa = PBXResourcesBuildPhase;
			buildActionMask = 2147483647;
			files = (
				D8FDA4491DC6A57B00820C80 /* LaunchScreen.storyboard in Resources */,
				D8FDA4461DC6A57B00820C80 /* Assets.xcassets in Resources */,
				D8FDA4441DC6A57B00820C80 /* Main.storyboard in Resources */,
			);
			runOnlyForDeploymentPostprocessing = 0;
		};
		D8FDA44D1DC6A57B00820C80 /* Resources */ = {
			isa = PBXResourcesBuildPhase;
			buildActionMask = 2147483647;
			files = (
			);
			runOnlyForDeploymentPostprocessing = 0;
		};
/* End PBXResourcesBuildPhase section */

/* Begin PBXSourcesBuildPhase section */
		D8FDA4371DC6A57B00820C80 /* Sources */ = {
			isa = PBXSourcesBuildPhase;
			buildActionMask = 2147483647;
			files = (
				D8FDA4411DC6A57B00820C80 /* ViewController.swift in Sources */,
				D8FDA43F1DC6A57B00820C80 /* AppDelegate.swift in Sources */,
			);
			runOnlyForDeploymentPostprocessing = 0;
		};
		D8FDA44B1DC6A57B00820C80 /* Sources */ = {
			isa = PBXSourcesBuildPhase;
			buildActionMask = 2147483647;
			files = (
				D8FDA4541DC6A57B00820C80 /* testsqlTests.swift in Sources */,
			);
			runOnlyForDeploymentPostprocessing = 0;
		};
/* End PBXSourcesBuildPhase section */

/* Begin PBXTargetDependency section */
		D8FDA4511DC6A57B00820C80 /* PBXTargetDependency */ = {
			isa = PBXTargetDependency;
			target = D8FDA43A1DC6A57B00820C80 /* testsql */;
			targetProxy = D8FDA4501DC6A57B00820C80 /* PBXContainerItemProxy */;
		};
/* End PBXTargetDependency section */

/* Begin PBXVariantGroup section */
		D8FDA4421DC6A57B00820C80 /* Main.storyboard */ = {
			isa = PBXVariantGroup;
			children = (
				D8FDA4431DC6A57B00820C80 /* Base */,
			);
			name = Main.storyboard;
			sourceTree = "<group>";
		};
		D8FDA4471DC6A57B00820C80 /* LaunchScreen.storyboard */ = {
			isa = PBXVariantGroup;
			children = (
				D8FDA4481DC6A57B00820C80 /* Base */,
			);
			name = LaunchScreen.storyboard;
			sourceTree = "<group>";
		};
/* End PBXVariantGroup section */

/* Begin XCBuildConfiguration section */
		D8FDA4561DC6A57B00820C80 /* Debug */ = {
			isa = XCBuildConfiguration;
			buildSettings = {
				ALWAYS_SEARCH_USER_PATHS = NO;
				CLANG_ANALYZER_NONNULL = YES;
				CLANG_CXX_LANGUAGE_STANDARD = "gnu++0x";
				CLANG_CXX_LIBRARY = "libc++";
				CLANG_ENABLE_MODULES = YES;
				CLANG_ENABLE_OBJC_ARC = YES;
				CLANG_WARN_BOOL_CONVERSION = YES;
				CLANG_WARN_CONSTANT_CONVERSION = YES;
				CLANG_WARN_DIRECT_OBJC_ISA_USAGE = YES_ERROR;
				CLANG_WARN_DOCUMENTATION_COMMENTS = YES;
				CLANG_WARN_EMPTY_BODY = YES;
				CLANG_WARN_ENUM_CONVERSION = YES;
				CLANG_WARN_INFINITE_RECURSION = YES;
				CLANG_WARN_INT_CONVERSION = YES;
				CLANG_WARN_OBJC_ROOT_CLASS = YES_ERROR;
				CLANG_WARN_SUSPICIOUS_MOVES = YES;
				CLANG_WARN_UNREACHABLE_CODE = YES;
				CLANG_WARN__DUPLICATE_METHOD_MATCH = YES;
				"CODE_SIGN_IDENTITY[sdk=iphoneos*]" = "iPhone Developer";
				COPY_PHASE_STRIP = NO;
				DEBUG_INFORMATION_FORMAT = dwarf;
				ENABLE_STRICT_OBJC_MSGSEND = YES;
				ENABLE_TESTABILITY = YES;
				GCC_C_LANGUAGE_STANDARD = gnu99;
				GCC_DYNAMIC_NO_PIC = NO;
				GCC_NO_COMMON_BLOCKS = YES;
				GCC_OPTIMIZATION_LEVEL = 0;
				GCC_PREPROCESSOR_DEFINITIONS = (
					"DEBUG=1",
					"$(inherited)",
				);
				GCC_WARN_64_TO_32_BIT_CONVERSION = YES;
				GCC_WARN_ABOUT_RETURN_TYPE = YES_ERROR;
				GCC_WARN_UNDECLARED_SELECTOR = YES;
				GCC_WARN_UNINITIALIZED_AUTOS = YES_AGGRESSIVE;
				GCC_WARN_UNUSED_FUNCTION = YES;
				GCC_WARN_UNUSED_VARIABLE = YES;
				IPHONEOS_DEPLOYMENT_TARGET = 10.1;
				MTL_ENABLE_DEBUG_INFO = YES;
				ONLY_ACTIVE_ARCH = YES;
				SDKROOT = iphoneos;
				SWIFT_ACTIVE_COMPILATION_CONDITIONS = DEBUG;
				SWIFT_OPTIMIZATION_LEVEL = "-Onone";
				TARGETED_DEVICE_FAMILY = "1,2";
			};
			name = Debug;
		};
		D8FDA4571DC6A57B00820C80 /* Release */ = {
			isa = XCBuildConfiguration;
			buildSettings = {
				ALWAYS_SEARCH_USER_PATHS = NO;
				CLANG_ANALYZER_NONNULL = YES;
				CLANG_CXX_LANGUAGE_STANDARD = "gnu++0x";
				CLANG_CXX_LIBRARY = "libc++";
				CLANG_ENABLE_MODULES = YES;
				CLANG_ENABLE_OBJC_ARC = YES;
				CLANG_WARN_BOOL_CONVERSION = YES;
				CLANG_WARN_CONSTANT_CONVERSION = YES;
				CLANG_WARN_DIRECT_OBJC_ISA_USAGE = YES_ERROR;
				CLANG_WARN_DOCUMENTATION_COMMENTS = YES;
				CLANG_WARN_EMPTY_BODY = YES;
				CLANG_WARN_ENUM_CONVERSION = YES;
				CLANG_WARN_INFINITE_RECURSION = YES;
				CLANG_WARN_INT_CONVERSION = YES;
				CLANG_WARN_OBJC_ROOT_CLASS = YES_ERROR;
				CLANG_WARN_SUSPICIOUS_MOVES = YES;
				CLANG_WARN_UNREACHABLE_CODE = YES;
				CLANG_WARN__DUPLICATE_METHOD_MATCH = YES;
				"CODE_SIGN_IDENTITY[sdk=iphoneos*]" = "iPhone Developer";
				COPY_PHASE_STRIP = NO;
				DEBUG_INFORMATION_FORMAT = "dwarf-with-dsym";
				ENABLE_NS_ASSERTIONS = NO;
				ENABLE_STRICT_OBJC_MSGSEND = YES;
				GCC_C_LANGUAGE_STANDARD = gnu99;
				GCC_NO_COMMON_BLOCKS = YES;
				GCC_WARN_64_TO_32_BIT_CONVERSION = YES;
				GCC_WARN_ABOUT_RETURN_TYPE = YES_ERROR;
				GCC_WARN_UNDECLARED_SELECTOR = YES;
				GCC_WARN_UNINITIALIZED_AUTOS = YES_AGGRESSIVE;
				GCC_WARN_UNUSED_FUNCTION = YES;
				GCC_WARN_UNUSED_VARIABLE = YES;
				IPHONEOS_DEPLOYMENT_TARGET = 10.1;
				MTL_ENABLE_DEBUG_INFO = NO;
				SDKROOT = iphoneos;
				SWIFT_OPTIMIZATION_LEVEL = "-Owholemodule";
				TARGETED_DEVICE_FAMILY = "1,2";
				VALIDATE_PRODUCT = YES;
			};
			name = Release;
		};
		D8FDA4591DC6A57B00820C80 /* Debug */ = {
			isa = XCBuildConfiguration;
			buildSettings = {
				ASSETCATALOG_COMPILER_APPICON_NAME = AppIcon;
				INFOPLIST_FILE = testsql/Info.plist;
				LD_RUNPATH_SEARCH_PATHS = "$(inherited) @executable_path/Frameworks";
				PRODUCT_BUNDLE_IDENTIFIER = com.example.testsql;
				PRODUCT_NAME = "$(TARGET_NAME)";
				SWIFT_VERSION = 3.0;
			};
			name = Debug;
		};
		D8FDA45A1DC6A57B00820C80 /* Release */ = {
			isa = XCBuildConfiguration;
			buildSettings = {
				ASSETCATALOG_COMPILER_APPICON_NAME = AppIcon;
				INFOPLIST_FILE = testsql/Info.plist;
				LD_RUNPATH_SEARCH_PATHS = "$(inherited) @executable_path/Frameworks";
				PRODUCT_BUNDLE_IDENTIFIER = com.example.testsql;
				PRODUCT_NAME = "$(TARGET_NAME)";
				SWIFT_VERSION = 3.0;
			};
			name = Release;
		};
		D8FDA45C1DC6A57B00820C80 /* Debug */ = {
			isa = XCBuildConfiguration;
			buildSettings = {
				ALWAYS_EMBED_SWIFT_STANDARD_LIBRARIES = YES;
				BUNDLE_LOADER = "$(TEST_HOST)";
				INFOPLIST_FILE = testsqlTests/Info.plist;
				LD_RUNPATH_SEARCH_PATHS = "$(inherited) @executable_path/Frameworks @loader_path/Frameworks";
				PRODUCT_BUNDLE_IDENTIFIER = com.example.testsqlTests;
				PRODUCT_NAME = "$(TARGET_NAME)";
				SWIFT_VERSION = 3.0;
				TEST_HOST = "$(BUILT_PRODUCTS_DIR)/testsql.app/testsql";
			};
			name = Debug;
		};
		D8FDA45D1DC6A57B00820C80 /* Release */ = {
			isa = XCBuildConfiguration;
			buildSettings = {
				ALWAYS_EMBED_SWIFT_STANDARD_LIBRARIES = YES;
				BUNDLE_LOADER = "$(TEST_HOST)";
				INFOPLIST_FILE = testsqlTests/Info.plist;
				LD_RUNPATH_SEARCH_PATHS = "$(inherited) @executable_path/Frameworks @loader_path/Frameworks";
				PRODUCT_BUNDLE_IDENTIFIER = com.example.testsqlTests;
				PRODUCT_NAME = "$(TARGET_NAME)";
				SWIFT_VERSION = 3.0;
				TEST_HOST = "$(BUILT_PRODUCTS_DIR)/testsql.app/testsql";
			};
			name = Release;
		};
/* End XCBuildConfiguration section */

/* Begin XCConfigurationList section */
		D8FDA4361DC6A57B00820C80 /* Build configuration list for PBXProject "testsql" */ = {
			isa = XCConfigurationList;
			buildConfigurations = (
				D8FDA4561DC6A57B00820C80 /* Debug */,
				D8FDA4571DC6A57B00820C80 /* Release */,
			);
			defaultConfigurationIsVisible = 0;
			defaultConfigurationName = Release;
		};
		D8FDA4581DC6A57B00820C80 /* Build configuration list for PBXNativeTarget "testsql" */ = {
			isa = XCConfigurationList;
			buildConfigurations = (
				D8FDA4591DC6A57B00820C80 /* Debug */,
				D8FDA45A1DC6A57B00820C80 /* Release */,
			);
			defaultConfigurationIsVisible = 0;
		};
		D8FDA45B1DC6A57B00820C80 /* Build configuration list for PBXNativeTarget "testsqlTests" */ = {
			isa = XCConfigurationList;
			buildConfigurations = (
				D8FDA45C1DC6A57B00820C80 /* Debug */,
				D8FDA45D1DC6A57B00820C80 /* Release */,
			);
			defaultConfigurationIsVisible = 0;
		};
/* End XCConfigurationList section */
	};
	rootObject = D8FDA4331DC6A57B00820C80 /* Project object */;
}
